
Microsoft Visual Studio Solution File, Format Version 12.00
# Visual Studio Version 17
VisualStudioVersion = 17.14.36414.22 d17.14
MinimumVisualStudioVersion = 10.0.40219.1
Project("{8BC9CEB8-8B4A-11D0-8D11-00A0C91BC942}") = "GSBS", "GSBS.vcxproj", "{F8CDB4E5-B868-4536-B9A5-E58B89C00AD3}"
EndProject
Global
	GlobalSection(SolutionConfigurationPlatforms) = preSolution
		Debug|x64 = Debug|x64
		Release|x64 = Release|x64
	EndGlobalSection
	GlobalSection(ProjectConfigurationPlatforms) = postSolution
		{F8CDB4E5-B868-4536-B9A5-E58B89C00AD3}.Debug|x64.ActiveCfg = Debug|x64
		{F8CDB4E5-B868-4536-B9A5-E58B89C00AD3}.Debug|x64.Build.0 = Debug|x64
		{F8CDB4E5-B868-4536-B9A5-E58B89C00AD3}.Release|x64.ActiveCfg = Release|x64
		{F8CDB4E5-B868-4536-B9A5-E58B89C00AD3}.Release|x64.Build.0 = Release|x64
	EndGlobalSection
	GlobalSection(SolutionProperties) = preSolution
		HideSolutionNode = FALSE
	EndGlobalSection
	GlobalSection(ExtensibilityGlobals) = postSolution
		SolutionGuid = {6532979B-A544-4CE9-9243-018F1D65FD19}
	EndGlobalSection
EndGlobal
